
Microsoft Visual Studio Solution File, Format Version 12.00
# Visual Studio Version 16
VisualStudioVersion = 16.0.30804.86
MinimumVisualStudioVersion = 10.0.40219.1
Project("{8BC9CEB8-8B4A-11D0-8D11-00A0C91BC942}") = "Project3", "Project3\Project3.vcxproj", "{2FA9FC6E-D4BC-495A-9EB5-B536907C2441}"
EndProject
Global
	GlobalSection(SolutionConfigurationPlatforms) = preSolution
		Debug|x64 = Debug|x64
		Debug|x86 = Debug|x86
		Release|x64 = Release|x64
		Release|x86 = Release|x86
	EndGlobalSection
	GlobalSection(ProjectConfigurationPlatforms) = postSolution
		{2FA9FC6E-D4BC-495A-9EB5-B536907C2441}.Debug|x64.ActiveCfg = Debug|x64
		{2FA9FC6E-D4BC-495A-9EB5-B536907C2441}.Debug|x64.Build.0 = Debug|x64
		{2FA9FC6E-D4BC-495A-9EB5-B536907C2441}.Debug|x86.ActiveCfg = Debug|Win32
		{2FA9FC6E-D4BC-495A-9EB5-B536907C2441}.Debug|x86.Build.0 = Debug|Win32
		{2FA9FC6E-D4BC-495A-9EB5-B536907C2441}.Release|x64.ActiveCfg = Release|x64
		{2FA9FC6E-D4BC-495A-9EB5-B536907C2441}.Release|x64.Build.0 = Release|x64
		{2FA9FC6E-D4BC-495A-9EB5-B536907C2441}.Release|x86.ActiveCfg = Release|Win32
		{2FA9FC6E-D4BC-495A-9EB5-B536907C2441}.Release|x86.Build.0 = Release|Win32
	EndGlobalSection
	GlobalSection(SolutionProperties) = preSolution
		HideSolutionNode = FALSE
	EndGlobalSection
	GlobalSection(ExtensibilityGlobals) = postSolution
		SolutionGuid = {79D73DFF-0A0C-4B44-8151-11F52ACD59EC}
	EndGlobalSection
EndGlobal
