
Microsoft Visual Studio Solution File, Format Version 12.00
# Visual Studio Version 17
VisualStudioVersion = 17.0.31612.314
MinimumVisualStudioVersion = 10.0.40219.1
Project("{8BC9CEB8-8B4A-11D0-8D11-00A0C91BC942}") = "question3", "question3\question3.vcxproj", "{4085230A-ABF7-4A8F-8A0D-39BC8268D78B}"
EndProject
Project("{8BC9CEB8-8B4A-11D0-8D11-00A0C91BC942}") = "test.cpp", "test.cpp\test.cpp.vcxproj", "{AC69BE0B-D543-4C50-81F3-112F86841A4B}"
EndProject
Global
	GlobalSection(SolutionConfigurationPlatforms) = preSolution
		Debug|x64 = Debug|x64
		Debug|x86 = Debug|x86
		Release|x64 = Release|x64
		Release|x86 = Release|x86
	EndGlobalSection
	GlobalSection(ProjectConfigurationPlatforms) = postSolution
		{4085230A-ABF7-4A8F-8A0D-39BC8268D78B}.Debug|x64.ActiveCfg = Debug|x64
		{4085230A-ABF7-4A8F-8A0D-39BC8268D78B}.Debug|x64.Build.0 = Debug|x64
		{4085230A-ABF7-4A8F-8A0D-39BC8268D78B}.Debug|x86.ActiveCfg = Debug|Win32
		{4085230A-ABF7-4A8F-8A0D-39BC8268D78B}.Debug|x86.Build.0 = Debug|Win32
		{4085230A-ABF7-4A8F-8A0D-39BC8268D78B}.Release|x64.ActiveCfg = Release|x64
		{4085230A-ABF7-4A8F-8A0D-39BC8268D78B}.Release|x64.Build.0 = Release|x64
		{4085230A-ABF7-4A8F-8A0D-39BC8268D78B}.Release|x86.ActiveCfg = Release|Win32
		{4085230A-ABF7-4A8F-8A0D-39BC8268D78B}.Release|x86.Build.0 = Release|Win32
		{AC69BE0B-D543-4C50-81F3-112F86841A4B}.Debug|x64.ActiveCfg = Debug|x64
		{AC69BE0B-D543-4C50-81F3-112F86841A4B}.Debug|x64.Build.0 = Debug|x64
		{AC69BE0B-D543-4C50-81F3-112F86841A4B}.Debug|x86.ActiveCfg = Debug|Win32
		{AC69BE0B-D543-4C50-81F3-112F86841A4B}.Debug|x86.Build.0 = Debug|Win32
		{AC69BE0B-D543-4C50-81F3-112F86841A4B}.Release|x64.ActiveCfg = Release|x64
		{AC69BE0B-D543-4C50-81F3-112F86841A4B}.Release|x64.Build.0 = Release|x64
		{AC69BE0B-D543-4C50-81F3-112F86841A4B}.Release|x86.ActiveCfg = Release|Win32
		{AC69BE0B-D543-4C50-81F3-112F86841A4B}.Release|x86.Build.0 = Release|Win32
	EndGlobalSection
	GlobalSection(SolutionProperties) = preSolution
		HideSolutionNode = FALSE
	EndGlobalSection
	GlobalSection(ExtensibilityGlobals) = postSolution
		SolutionGuid = {89D1052E-0A7C-4C3C-8710-64035A121EED}
	EndGlobalSection
EndGlobal
